{
    "name": "youwealth-sight",
    "version": "0.0.4",
    "lockfileVersion": 1,
    "requires": true,
    "dependencies": {
        "argv": {
            "version": "0.0.2",
            "resolved": "https://registry.npmjs.org/argv/-/argv-0.0.2.tgz",
            "integrity": "sha1-7L0W+JSbFXGDcRsb2jNPN4QBhas="
        },
        "debug": {
            "version": "4.1.1",
            "resolved": "https://registry.npmjs.org/debug/-/debug-4.1.1.tgz",
            "integrity": "sha512-pYAIzeRo8J6KPEaJ0VWOh5Pzkbw/RetuzehGM7QRRX5he4fPHx2rdKMB256ehJCkX+XRQm16eZLqLNS8RSZXZw==",
            "dev": true
        },
        "eslint": {
            "version": "5.16.0",
            "resolved": "https://registry.npmjs.org/eslint/-/eslint-5.16.0.tgz",
            "integrity": "sha512-S3Rz11i7c8AA5JPv7xAH+dOyq/Cu/VXHiHXBPOU1k/JAM5dXqQPt3qcrhpHSorXmrpu2g0gkIBVXAqCpzfoZIg==",
            "dev": true
        },
        "eslint-config-standard": {
            "version": "12.0.0",
            "resolved": "https://registry.npmjs.org/eslint-config-standard/-/eslint-config-standard-12.0.0.tgz",
            "integrity": "sha512-COUz8FnXhqFitYj4DTqHzidjIL/t4mumGZto5c7DrBpvWoie+Sn3P4sLEzUGeYhRElWuFEf8K1S1EfvD1vixCQ==",
            "dev": true
        },
        "eslint-plugin-import": {
            "version": "2.18.2",
            "resolved": "https://registry.npmjs.org/eslint-plugin-import/-/eslint-plugin-import-2.18.2.tgz",
            "integrity": "sha512-5ohpsHAiUBRNaBWAF08izwUGlbrJoJJ+W9/TBwsGoR1MnlgfwMIKrFeSjWbt6moabiXW9xNvtFz+97KHRfI4HQ==",
            "dev": true,
            "dependencies": {
                "debug": {
                    "version": "2.6.9",
                    "resolved": "https://registry.npmjs.org/debug/-/debug-2.6.9.tgz",
                    "integrity": "sha512-bC7ElrdJaJnPbAP+1EotYvqZsb3ecl5wi6Bfi6BJTUcNowp6cvspg0jXznRTKDjm/E7AdgFBVeAPVMNcKGsHMA=="
                },
                "doctrine": {
                    "version": "1.5.0",
                    "resolved": "https://registry.npmjs.org/doctrine/-/doctrine-1.5.0.tgz",
                    "integrity": "sha1-N53Ocw9hZvds76TmcHoVmwLFpvo="
                },
                "ms": {
                    "version": "2.0.0",
                    "resolved": "https://registry.npmjs.org/ms/-/ms-2.0.0.tgz",
                    "integrity": "sha1-VgiurfwAvmwpAd9fmGF4jeDVl8g="
                }
            }
        },
        "eslint-plugin-node": {
            "version": "9.1.0",
            "resolved": "https://registry.npmjs.org/eslint-plugin-node/-/eslint-plugin-node-9.1.0.tgz",
            "integrity": "sha512-ZwQYGm6EoV2cfLpE1wxJWsfnKUIXfM/KM09/TlorkukgCAwmkgajEJnPCmyzoFPQQkmvo5DrW/nyKutNIw36Mw==",
            "dev": true,
            "dependencies": {
                "ignore": {
                    "version": "5.1.2",
                    "resolved": "https://registry.npmjs.org/ignore/-/ignore-5.1.2.tgz",
                    "integrity": "sha512-vdqWBp7MyzdmHkkRWV5nY+PfGRbYbahfuvsBCh277tq+w9zyNi7h5CYJCK0kmzti9kU+O/cB7sE8HvKv6aXAKQ=="
                },
                "semver": {
                    "version": "6.1.1",
                    "resolved": "https://registry.npmjs.org/semver/-/semver-6.1.1.tgz",
                    "integrity": "sha512-rWYq2e5iYW+fFe/oPPtYJxYgjBm8sC4rmoGdUOgBB7VnwKt6HrL793l2voH1UlsyYZpJ4g0wfjnTEO1s1NP2eQ=="
                }
            }
        },
        "eslint-plugin-promise": {
            "version": "4.2.1",
            "resolved": "https://registry.npmjs.org/eslint-plugin-promise/-/eslint-plugin-promise-4.2.1.tgz",
            "integrity": "sha512-VoM09vT7bfA7D+upt+FjeBO5eHIJQBUWki1aPvB+vbNiHS3+oGIJGIeyBtKQTME6UPXXy3vV07OL1tHd3ANuDw==",
            "dev": true
        },
        "eslint-plugin-standard": {
            "version": "4.0.0",
            "resolved": "https://registry.npmjs.org/eslint-plugin-standard/-/eslint-plugin-standard-4.0.0.tgz",
            "integrity": "sha512-OwxJkR6TQiYMmt1EsNRMe5qG3GsbjlcOhbGUBY4LtavF9DsLaTcoR+j2Tdjqi23oUwKNUqX7qcn5fPStafMdlA==",
            "dev": true
        },
        "lodash": {
            "version": "4.17.19",
            "resolved": "https://registry.npmjs.org/lodash/-/lodash-4.17.19.tgz",
            "integrity": "sha512-JNvd8XER9GQX0v2qJgsaN/mzFCNA5BRe/j8JN9d+tWyGLSodKQHKFicdwNYzWwI3wjRnaKPsGj1XkBjx/F96DQ=="
        },
        "mocha": {
            "version": "6.2.0",
            "resolved": "https://registry.npmjs.org/mocha/-/mocha-6.2.0.tgz",
            "integrity": "sha512-qwfFgY+7EKAAUAdv7VYMZQknI7YJSGesxHyhn6qD52DV8UcSZs5XwCifcZGMVIE4a5fbmhvbotxC0DLQ0oKohQ==",
            "dev": true,
            "dependencies": {
                "debug": {
                    "version": "3.2.6",
                    "resolved": "https://registry.npmjs.org/debug/-/debug-3.2.6.tgz",
                    "integrity": "sha512-mel+jf7nrtEl5Pn1Qx46zARXKDpBbvzezse7p7LqINmdoIk8PYP5SySaxEmYv6TZ0JyEKA1hsCId6DIhgITtWQ=="
                },
                "glob": {
                    "version": "7.1.3",
                    "resolved": "https://registry.npmjs.org/glob/-/glob-7.1.3.tgz",
                    "integrity": "sha512-vcfuiIxogLV4DlGBHIUOwI0IbrJ8HWPc4MU7HzviGeNho/UJDfi6B5p3sHeWIQ0KGIU0Jpxi5ZHxemQfLkkAwQ=="
                },
                "ms": {
                    "version": "2.1.1",
                    "resolved": "https://registry.npmjs.org/ms/-/ms-2.1.1.tgz",
                    "integrity": "sha512-tgp+dl5cGk28utYktBsrFqA7HKgrhgPsg6Z/EfhWI4gl1Hwq8B/GmY/0oXZ6nF8hDVesS/FpnYaD/kOWhYQvyg=="
                },
                "supports-color": {
                    "version": "6.0.0",
                    "resolved": "https://registry.npmjs.org/supports-color/-/supports-color-6.0.0.tgz",
                    "integrity": "sha512-on9Kwidc1IUQo+bQdhi8+Tijpo0e1SS6RoGo2guUwn5vdaxw8RXOF9Vb2ws+ihWOmh4JnCJOvaziZWP1VABaLg=="
                }
            }
        },
        "node-rest-client": {
            "version": "3.1.0",
            "resolved": "https://registry.npmjs.org/node-rest-client/-/node-rest-client-3.1.0.tgz",
            "integrity": "sha1-4L623aeyDMC2enhHzxLF/EGcN8M=",
            "dependencies": {
                "debug": {
                    "version": "2.2.0",
                    "resolved": "https://registry.npmjs.org/debug/-/debug-2.2.0.tgz",
                    "integrity": "sha1-+HBX6ZWxofauaklgZkE3vFbwOdo="
                },
                "ms": {
                    "version": "0.7.1",
                    "resolved": "https://registry.npmjs.org/ms/-/ms-0.7.1.tgz",
                    "integrity": "sha1-nNE8A62/8ltl7/3nzoZO6VIBcJg="
                }
            }
        },
        "request": {
            "version": "2.88.0",
            "resolved": "https://registry.npmjs.org/request/-/request-2.88.0.tgz",
            "integrity": "sha512-NAqBSrijGLZdM0WZNsInLJpkJokL72XYjUpnB0iwsRgxh7dB6COrHnTBNwN0E+lHDAJzu7kLAkDeY08z2/A0hg=="
        },
        "simple-oauth2": {
            "version": "2.2.1",
            "resolved": "https://registry.npmjs.org/simple-oauth2/-/simple-oauth2-2.2.1.tgz",
            "integrity": "sha512-Ujn8tU9Nl4CLy5L6ksSL+kJ6eI61NyhLCUZPris6aHMGxnfAnqrYdmTN16VSEl9m5W9WPj1sXJvhoi6kihsaSA==",
            "dependencies": {
                "debug": {
                    "version": "3.2.6",
                    "resolved": "https://registry.npmjs.org/debug/-/debug-3.2.6.tgz",
                    "integrity": "sha512-mel+jf7nrtEl5Pn1Qx46zARXKDpBbvzezse7p7LqINmdoIk8PYP5SySaxEmYv6TZ0JyEKA1hsCId6DIhgITtWQ=="
                }
            }
        }
    }
}
